{
  "name": "openmath",
  "version": "1.0.0",
  "lockfileVersion": 3,
  "requires": true,
  "packages": {
    "": {
      "name": "openmath",
      "version": "1.0.0",
      "license": "ISC",
      "dependencies": {
        "temml": "^0.13.2"
      }
    },
    "node_modules/temml": {
      "version": "0.13.2",
      "resolved": "https://registry.npmjs.org/temml/-/temml-0.13.2.tgz",
      "integrity": "sha512-n8fDRSsLscq9nh9j6z+FgkCvFMT0IJm6GCgwfzh+7AHT3Sfb4jFTQlsA6hVcF2dYYr3b66oDBVES95RfoukyrA==",
      "license": "MIT",
      "engines": {
        "node": ">=18.13.0"
      }
    }
  }
}
